<?xml version="1.0" encoding="utf-8"?>
<Project ToolsVersion="4.0" xmlns="http://schemas.microsoft.com/developer/msbuild/2003">
  <ItemGroup>
    <Filter Include="win32">
      <UniqueIdentifier>{84a8ebd7-7cf0-47f6-b75e-d441df67da40}</UniqueIdentifier>
    </Filter>
    <Filter Include="resource">
      <UniqueIdentifier>{715254bc-d70b-4ec5-bf29-467dd3ace079}</UniqueIdentifier>
    </Filter>
    <Filter Include="src">
      <UniqueIdentifier>{bb6c862e-70e9-49d9-81b7-3829a6f50471}</UniqueIdentifier>
    </Filter>
    <Filter Include="src\GameScene">
      <UniqueIdentifier>{944f0c64-dee6-4c88-ac6a-c5913a3da9d8}</UniqueIdentifier>
    </Filter>
    <Filter Include="src\GameScene\Mahjong">
      <UniqueIdentifier>{d65c9961-98db-4a04-af26-8ecd449f5638}</UniqueIdentifier>
    </Filter>
    <Filter Include="src\GameScene\UI">
      <UniqueIdentifier>{a732eeff-ff62-4077-b1fd-adfa62eadc35}</UniqueIdentifier>
    </Filter>
    <Filter Include="src\BalanceScene">
      <UniqueIdentifier>{d6772a78-f6eb-424b-b856-fe126aaba3fa}</UniqueIdentifier>
    </Filter>
  </ItemGroup>
  <ItemGroup>
    <ClCompile Include="main.cpp">
      <Filter>win32</Filter>
    </ClCompile>
    <ClCompile Include="..\Classes\AppDelegate.cpp">
      <Filter>src</Filter>
    </ClCompile>
    <ClCompile Include="..\Classes\GameScene.cpp">
      <Filter>src\GameScene</Filter>
    </ClCompile>
    <ClCompile Include="..\Classes\Card.cpp">
      <Filter>src\GameScene\Mahjong</Filter>
    </ClCompile>
    <ClCompile Include="..\Classes\MahjongDatas.cpp">
      <Filter>src\GameScene\Mahjong</Filter>
    </ClCompile>
    <ClCompile Include="..\Classes\MahjongDrawer.cpp">
      <Filter>src\GameScene\Mahjong</Filter>
    </ClCompile>
    <ClCompile Include="..\Classes\HeadPortrait.cpp">
      <Filter>src\GameScene\UI</Filter>
    </ClCompile>
    <ClCompile Include="..\Classes\Player.cpp">
      <Filter>src\GameScene</Filter>
    </ClCompile>
    <ClCompile Include="..\Classes\Rules.cpp">
      <Filter>src\GameScene\Mahjong</Filter>
    </ClCompile>
    <ClCompile Include="..\Classes\BalanceScene.cpp">
      <Filter>src\BalanceScene</Filter>
    </ClCompile>
    <ClCompile Include="..\Classes\PlayMenu.cpp">
      <Filter>src\GameScene\Mahjong</Filter>
    </ClCompile>
    <ClCompile Include="..\Classes\AccountPanel.cpp">
      <Filter>src\GameScene\UI</Filter>
    </ClCompile>
    <ClCompile Include="..\Classes\GameFlow.cpp">
      <Filter>src\GameScene\Mahjong</Filter>
    </ClCompile>
    <ClCompile Include="..\Classes\MahjongEvent.cpp">
      <Filter>src\GameScene\Mahjong</Filter>
    </ClCompile>
    <ClCompile Include="..\Classes\UIPos.cpp">
      <Filter>src\GameScene\UI</Filter>
    </ClCompile>
    <ClCompile Include="..\Classes\SystemUI.cpp">
      <Filter>src\GameScene\UI</Filter>
    </ClCompile>
    <ClCompile Include="..\Classes\Room.cpp">
      <Filter>src\GameScene\UI</Filter>
    </ClCompile>
    <ClCompile Include="..\Classes\GBKToUTF8.cpp">
      <Filter>src\GameScene\UI</Filter>
    </ClCompile>
    <ClCompile Include="..\Classes\MahjongAnim.cpp">
      <Filter>src\GameScene\Mahjong</Filter>
    </ClCompile>
  </ItemGroup>
  <ItemGroup>
    <ClInclude Include="main.h">
      <Filter>win32</Filter>
    </ClInclude>
    <ClInclude Include="..\Classes\AppDelegate.h">
      <Filter>src</Filter>
    </ClInclude>
    <ClInclude Include="..\Classes\GameScene.h">
      <Filter>src\GameScene</Filter>
    </ClInclude>
    <ClInclude Include="..\Classes\Card.h">
      <Filter>src\GameScene\Mahjong</Filter>
    </ClInclude>
    <ClInclude Include="..\Classes\MahjongDatas.h">
      <Filter>src\GameScene\Mahjong</Filter>
    </ClInclude>
    <ClInclude Include="..\Classes\MahjongDrawer.h">
      <Filter>src\GameScene\Mahjong</Filter>
    </ClInclude>
    <ClInclude Include="..\Classes\HeadPortrait.h">
      <Filter>src\GameScene\UI</Filter>
    </ClInclude>
    <ClInclude Include="..\Classes\Player.h">
      <Filter>src\GameScene</Filter>
    </ClInclude>
    <ClInclude Include="..\Classes\Rules.h">
      <Filter>src\GameScene\Mahjong</Filter>
    </ClInclude>
    <ClInclude Include="..\Classes\PlayMenu.h">
      <Filter>src\GameScene\Mahjong</Filter>
    </ClInclude>
    <ClInclude Include="..\Classes\AccountPanel.h">
      <Filter>src\GameScene\UI</Filter>
    </ClInclude>
    <ClInclude Include="..\Classes\BalanceScene.h">
      <Filter>src\GameScene</Filter>
    </ClInclude>
    <ClInclude Include="..\Classes\GameFlow.h">
      <Filter>src\GameScene\Mahjong</Filter>
    </ClInclude>
    <ClInclude Include="..\Classes\MahjongEvent.h">
      <Filter>src\GameScene\Mahjong</Filter>
    </ClInclude>
    <ClInclude Include="..\Classes\UIPos.h">
      <Filter>src\GameScene\UI</Filter>
    </ClInclude>
    <ClInclude Include="..\Classes\SystemUI.h">
      <Filter>src\GameScene\UI</Filter>
    </ClInclude>
    <ClInclude Include="..\Classes\Room.h">
      <Filter>src\GameScene\UI</Filter>
    </ClInclude>
    <ClInclude Include="..\Classes\GBKToUTF8.h">
      <Filter>src\GameScene\UI</Filter>
    </ClInclude>
    <ClInclude Include="..\Classes\GB23122Utf8.h">
      <Filter>src\GameScene\UI</Filter>
    </ClInclude>
    <ClInclude Include="..\Classes\MahjongAnim.h">
      <Filter>src\GameScene\Mahjong</Filter>
    </ClInclude>
  </ItemGroup>
  <ItemGroup>
    <ResourceCompile Include="game.rc">
      <Filter>resource</Filter>
    </ResourceCompile>
  </ItemGroup>
</Project>