<?xml version="1.0" encoding="utf-8"?>
<Project ToolsVersion="4.0" xmlns="http://schemas.microsoft.com/developer/msbuild/2003">
  <ItemGroup>
    <Filter Include="win32">
      <UniqueIdentifier>{84a8ebd7-7cf0-47f6-b75e-d441df67da40}</UniqueIdentifier>
    </Filter>
    <Filter Include="resource">
      <UniqueIdentifier>{715254bc-d70b-4ec5-bf29-467dd3ace079}</UniqueIdentifier>
    </Filter>
    <Filter Include="src">
      <UniqueIdentifier>{bb6c862e-70e9-49d9-81b7-3829a6f50471}</UniqueIdentifier>
    </Filter>
    <Filter Include="src\http">
      <UniqueIdentifier>{e02e9d4f-e839-4673-9707-9ae408934167}</UniqueIdentifier>
    </Filter>
    <Filter Include="src\mahjong">
      <UniqueIdentifier>{9ce0d2e9-1599-4ea7-b482-33ef02d4be5d}</UniqueIdentifier>
    </Filter>
    <Filter Include="src\payment">
      <UniqueIdentifier>{aea0e19a-6a1f-470e-978e-1e5df4ace9e9}</UniqueIdentifier>
    </Filter>
    <Filter Include="src\server">
      <UniqueIdentifier>{cec457dc-556c-4868-a015-76e5d7b75d14}</UniqueIdentifier>
    </Filter>
    <Filter Include="src\socket">
      <UniqueIdentifier>{093e6b78-621e-4ced-8c47-093b59ce1b0d}</UniqueIdentifier>
    </Filter>
    <Filter Include="src\userdata">
      <UniqueIdentifier>{08db54d7-dbf7-463e-9c07-63a6d12b172b}</UniqueIdentifier>
    </Filter>
    <Filter Include="src\http\MD5">
      <UniqueIdentifier>{2feb8571-67d8-4c74-b888-09c2d077132b}</UniqueIdentifier>
    </Filter>
    <Filter Include="src\http\image">
      <UniqueIdentifier>{c76f5aa8-273f-4745-9268-99cc12e91057}</UniqueIdentifier>
    </Filter>
    <Filter Include="src\payment\android">
      <UniqueIdentifier>{b0a34263-56a0-461a-8231-22b0c86c7454}</UniqueIdentifier>
    </Filter>
    <Filter Include="src\payment\ios">
      <UniqueIdentifier>{51d5bcee-bacf-4030-b86f-a17f27736ee4}</UniqueIdentifier>
    </Filter>
    <Filter Include="src\payment\ios\wechat">
      <UniqueIdentifier>{bbb3f74a-6361-4476-962f-b7b053b51160}</UniqueIdentifier>
    </Filter>
    <Filter Include="src\socket\android">
      <UniqueIdentifier>{5a64ba03-7096-4ee1-81ed-02e2f519c4d2}</UniqueIdentifier>
    </Filter>
    <Filter Include="src\socket\ios">
      <UniqueIdentifier>{13340486-2c9b-4122-8492-4c8a76b00b61}</UniqueIdentifier>
    </Filter>
    <Filter Include="src\socket\android\native">
      <UniqueIdentifier>{2fc76e7f-731a-49c1-ba7b-6a670902f614}</UniqueIdentifier>
    </Filter>
    <Filter Include="src\socket\ios\cocoa">
      <UniqueIdentifier>{87de4eb4-dc32-40ca-a6b1-b2994ae5abb6}</UniqueIdentifier>
    </Filter>
    <Filter Include="src\mahjong\audio">
      <UniqueIdentifier>{8ca416a7-3ea7-4ed9-af4f-f4890c0523e8}</UniqueIdentifier>
    </Filter>
    <Filter Include="src\mahjong\anim">
      <UniqueIdentifier>{b56d96fd-9ce1-46bf-8db0-39c53e8aaa1b}</UniqueIdentifier>
    </Filter>
    <Filter Include="src\mahjong\bill">
      <UniqueIdentifier>{7c21ef48-deec-47e1-9d0d-4d988dfedb91}</UniqueIdentifier>
    </Filter>
    <Filter Include="src\mahjong\bill\fpdialog">
      <UniqueIdentifier>{7302f5b5-532b-408a-bbdb-0136933a9cc1}</UniqueIdentifier>
    </Filter>
    <Filter Include="src\mahjong\chat">
      <UniqueIdentifier>{f62cc84e-b1e2-43ed-af5f-955eff191d99}</UniqueIdentifier>
    </Filter>
    <Filter Include="src\mahjong\core">
      <UniqueIdentifier>{150e9d8d-f240-494f-bbae-446743c52d8e}</UniqueIdentifier>
    </Filter>
    <Filter Include="src\mahjong\core\gui">
      <UniqueIdentifier>{5d04d436-3215-4e59-9b3e-17a3670412d3}</UniqueIdentifier>
    </Filter>
    <Filter Include="src\mahjong\core\normal">
      <UniqueIdentifier>{3990e36c-83f6-4f3e-a3cc-9d5f572526c9}</UniqueIdentifier>
    </Filter>
    <Filter Include="src\mahjong\core\special">
      <UniqueIdentifier>{5626da74-03f5-41f1-aab4-7290855d927e}</UniqueIdentifier>
    </Filter>
    <Filter Include="src\mahjong\core\widget">
      <UniqueIdentifier>{d3151835-057d-462b-9060-4e0c22487517}</UniqueIdentifier>
    </Filter>
  </ItemGroup>
  <ItemGroup>
    <ClCompile Include="main.cpp">
      <Filter>win32</Filter>
    </ClCompile>
    <ClCompile Include="..\Classes\AppDelegate.cpp">
      <Filter>src</Filter>
    </ClCompile>
    <ClCompile Include="..\Classes\userdata\UserData.cpp">
      <Filter>src\userdata</Filter>
    </ClCompile>
    <ClCompile Include="..\Classes\http\HttpClientUtill.cpp">
      <Filter>src\http</Filter>
    </ClCompile>
    <ClCompile Include="..\Classes\http\HttpMannger.cpp">
      <Filter>src\http</Filter>
    </ClCompile>
    <ClCompile Include="..\Classes\http\MD5\MD5.cpp">
      <Filter>src\http\MD5</Filter>
    </ClCompile>
    <ClCompile Include="..\Classes\http\image\UrlImageMannger.cpp">
      <Filter>src\http\image</Filter>
    </ClCompile>
    <ClCompile Include="..\Classes\server\CommandManage.cpp">
      <Filter>src\server</Filter>
    </ClCompile>
    <ClCompile Include="..\Classes\server\MsgHandler.cpp">
      <Filter>src\server</Filter>
    </ClCompile>
    <ClCompile Include="..\Classes\server\NetworkManage.cpp">
      <Filter>src\server</Filter>
    </ClCompile>
    <ClCompile Include="..\Classes\server\SocketDataManage.cpp">
      <Filter>src\server</Filter>
    </ClCompile>
    <ClCompile Include="..\Classes\payment\android\CallAndroidMethod.cpp">
      <Filter>src\payment\android</Filter>
    </ClCompile>
    <ClCompile Include="..\Classes\payment\android\MahjongPayHandler.cpp">
      <Filter>src\payment\android</Filter>
    </ClCompile>
    <ClCompile Include="..\Classes\payment\ios\WxLoginHandler.cpp">
      <Filter>src\payment\ios</Filter>
    </ClCompile>
    <ClCompile Include="..\Classes\socket\android\PxSocketManage.cpp">
      <Filter>src\socket\android</Filter>
    </ClCompile>
    <ClCompile Include="..\Classes\socket\android\native\CallAndroidSocket.cpp">
      <Filter>src\socket\android\native</Filter>
    </ClCompile>
    <ClCompile Include="..\Classes\socket\android\native\SocketDataBack.cpp">
      <Filter>src\socket\android\native</Filter>
    </ClCompile>
    <ClCompile Include="..\Classes\mahjong\audio\Audio.cpp">
      <Filter>src\mahjong\audio</Filter>
    </ClCompile>
    <ClCompile Include="..\Classes\mahjong\anim\DealJongAnim.cpp">
      <Filter>src\mahjong\anim</Filter>
    </ClCompile>
    <ClCompile Include="..\Classes\mahjong\anim\HuaAnim.cpp">
      <Filter>src\mahjong\anim</Filter>
    </ClCompile>
    <ClCompile Include="..\Classes\mahjong\anim\HupaiAnim.cpp">
      <Filter>src\mahjong\anim</Filter>
    </ClCompile>
    <ClCompile Include="..\Classes\mahjong\anim\LiuJuAnim.cpp">
      <Filter>src\mahjong\anim</Filter>
    </ClCompile>
    <ClCompile Include="..\Classes\mahjong\anim\OutFogAnim.cpp">
      <Filter>src\mahjong\anim</Filter>
    </ClCompile>
    <ClCompile Include="..\Classes\mahjong\anim\PlayerCpgAnim.cpp">
      <Filter>src\mahjong\anim</Filter>
    </ClCompile>
    <ClCompile Include="..\Classes\mahjong\bill\BillDetailInfo.cpp">
      <Filter>src\mahjong\bill</Filter>
    </ClCompile>
    <ClCompile Include="..\Classes\mahjong\bill\BillInfo.cpp">
      <Filter>src\mahjong\bill</Filter>
    </ClCompile>
    <ClCompile Include="..\Classes\mahjong\bill\fpdialog\FupanDialog.cpp">
      <Filter>src\mahjong\bill\fpdialog</Filter>
    </ClCompile>
    <ClCompile Include="..\Classes\mahjong\chat\ChatDialog.cpp">
      <Filter>src\mahjong\chat</Filter>
    </ClCompile>
    <ClCompile Include="..\Classes\mahjong\chat\FaceChatLayer.cpp">
      <Filter>src\mahjong\chat</Filter>
    </ClCompile>
    <ClCompile Include="..\Classes\mahjong\chat\PlayerChatManage.cpp">
      <Filter>src\mahjong\chat</Filter>
    </ClCompile>
    <ClCompile Include="..\Classes\mahjong\chat\QuickChatLayer.cpp">
      <Filter>src\mahjong\chat</Filter>
    </ClCompile>
    <ClCompile Include="..\Classes\mahjong\core\MjGameScene.cpp">
      <Filter>src\mahjong\core</Filter>
    </ClCompile>
    <ClCompile Include="..\Classes\mahjong\core\gui\GuiLayer.cpp">
      <Filter>src\mahjong\core\gui</Filter>
    </ClCompile>
    <ClCompile Include="..\Classes\mahjong\core\widget\CardStack.cpp">
      <Filter>src\mahjong\core\widget</Filter>
    </ClCompile>
    <ClCompile Include="..\Classes\mahjong\core\widget\Orientation.cpp">
      <Filter>src\mahjong\core\widget</Filter>
    </ClCompile>
    <ClCompile Include="..\Classes\mahjong\core\widget\QuitRoomDialog.cpp">
      <Filter>src\mahjong\core\widget</Filter>
    </ClCompile>
    <ClCompile Include="..\Classes\mahjong\core\special\ReviewGame.cpp">
      <Filter>src\mahjong\core\special</Filter>
    </ClCompile>
    <ClCompile Include="..\Classes\mahjong\core\normal\MahjongView.cpp">
      <Filter>src\mahjong\core\normal</Filter>
    </ClCompile>
  </ItemGroup>
  <ItemGroup>
    <ClInclude Include="main.h">
      <Filter>win32</Filter>
    </ClInclude>
    <ClInclude Include="..\Classes\AppDelegate.h">
      <Filter>src</Filter>
    </ClInclude>
    <ClInclude Include="..\Classes\userdata\UserData.h">
      <Filter>src\userdata</Filter>
    </ClInclude>
    <ClInclude Include="..\Classes\http\HttpClientUtill.h">
      <Filter>src\http</Filter>
    </ClInclude>
    <ClInclude Include="..\Classes\http\HttpMannger.h">
      <Filter>src\http</Filter>
    </ClInclude>
    <ClInclude Include="..\Classes\http\MD5\MD5.hpp">
      <Filter>src\http\MD5</Filter>
    </ClInclude>
    <ClInclude Include="..\Classes\http\image\UrlImageMannger.h">
      <Filter>src\http\image</Filter>
    </ClInclude>
    <ClInclude Include="..\Classes\server\CommandManage.h">
      <Filter>src\server</Filter>
    </ClInclude>
    <ClInclude Include="..\Classes\server\MsgConfig.h">
      <Filter>src\server</Filter>
    </ClInclude>
    <ClInclude Include="..\Classes\server\MsgHandler.h">
      <Filter>src\server</Filter>
    </ClInclude>
    <ClInclude Include="..\Classes\server\NetworkManage.h">
      <Filter>src\server</Filter>
    </ClInclude>
    <ClInclude Include="..\Classes\server\SocketDataManage.h">
      <Filter>src\server</Filter>
    </ClInclude>
    <ClInclude Include="..\Classes\payment\android\CallAndroidMethod.h">
      <Filter>src\payment\android</Filter>
    </ClInclude>
    <ClInclude Include="..\Classes\payment\android\MahjongPayHandler.h">
      <Filter>src\payment\android</Filter>
    </ClInclude>
    <ClInclude Include="..\Classes\payment\ios\IOSBridge.h">
      <Filter>src\payment\ios</Filter>
    </ClInclude>
    <ClInclude Include="..\Classes\payment\ios\LoginByWechat.h">
      <Filter>src\payment\ios</Filter>
    </ClInclude>
    <ClInclude Include="..\Classes\payment\ios\RechargeVC.h">
      <Filter>src\payment\ios</Filter>
    </ClInclude>
    <ClInclude Include="..\Classes\payment\ios\StatusBarTool.h">
      <Filter>src\payment\ios</Filter>
    </ClInclude>
    <ClInclude Include="..\Classes\payment\ios\WXApiManager.h">
      <Filter>src\payment\ios</Filter>
    </ClInclude>
    <ClInclude Include="..\Classes\payment\ios\WxLoginHandler.h">
      <Filter>src\payment\ios</Filter>
    </ClInclude>
    <ClInclude Include="..\Classes\payment\ios\wechat\WechatAuthSDK.h">
      <Filter>src\payment\ios\wechat</Filter>
    </ClInclude>
    <ClInclude Include="..\Classes\payment\ios\wechat\WXApi.h">
      <Filter>src\payment\ios\wechat</Filter>
    </ClInclude>
    <ClInclude Include="..\Classes\payment\ios\wechat\WXApiObject.h">
      <Filter>src\payment\ios\wechat</Filter>
    </ClInclude>
    <ClInclude Include="..\Classes\socket\android\PxSocketManage.h">
      <Filter>src\socket\android</Filter>
    </ClInclude>
    <ClInclude Include="..\Classes\socket\android\native\CallAndroidSocket.hpp">
      <Filter>src\socket\android\native</Filter>
    </ClInclude>
    <ClInclude Include="..\Classes\socket\android\native\SocketDataBack.h">
      <Filter>src\socket\android\native</Filter>
    </ClInclude>
    <ClInclude Include="..\Classes\socket\ios\CocoaSocket.h">
      <Filter>src\socket\ios</Filter>
    </ClInclude>
    <ClInclude Include="..\Classes\socket\ios\CocoaSocketManage.h">
      <Filter>src\socket\ios</Filter>
    </ClInclude>
    <ClInclude Include="..\Classes\socket\ios\cocoa\GCDAsyncSocket.h">
      <Filter>src\socket\ios\cocoa</Filter>
    </ClInclude>
    <ClInclude Include="..\Classes\socket\ios\cocoa\GCDAsyncUdpSocket.h">
      <Filter>src\socket\ios\cocoa</Filter>
    </ClInclude>
    <ClInclude Include="..\Classes\mahjong\audio\Audio.h">
      <Filter>src\mahjong\audio</Filter>
    </ClInclude>
    <ClInclude Include="..\Classes\mahjong\anim\DealJongAnim.h">
      <Filter>src\mahjong\anim</Filter>
    </ClInclude>
    <ClInclude Include="..\Classes\mahjong\anim\HuaAnim.hpp">
      <Filter>src\mahjong\anim</Filter>
    </ClInclude>
    <ClInclude Include="..\Classes\mahjong\anim\HupaiAnim.hpp">
      <Filter>src\mahjong\anim</Filter>
    </ClInclude>
    <ClInclude Include="..\Classes\mahjong\anim\LiuJuAnim.hpp">
      <Filter>src\mahjong\anim</Filter>
    </ClInclude>
    <ClInclude Include="..\Classes\mahjong\anim\OutFogAnim.hpp">
      <Filter>src\mahjong\anim</Filter>
    </ClInclude>
    <ClInclude Include="..\Classes\mahjong\anim\PlayerCpgAnim.hpp">
      <Filter>src\mahjong\anim</Filter>
    </ClInclude>
    <ClInclude Include="..\Classes\mahjong\bill\BillDetailInfo.h">
      <Filter>src\mahjong\bill</Filter>
    </ClInclude>
    <ClInclude Include="..\Classes\mahjong\bill\BillInfo.h">
      <Filter>src\mahjong\bill</Filter>
    </ClInclude>
    <ClInclude Include="..\Classes\mahjong\bill\fpdialog\FupanDialog.hpp">
      <Filter>src\mahjong\bill\fpdialog</Filter>
    </ClInclude>
    <ClInclude Include="..\Classes\mahjong\chat\ChatDialog.hpp">
      <Filter>src\mahjong\chat</Filter>
    </ClInclude>
    <ClInclude Include="..\Classes\mahjong\chat\FaceChatLayer.hpp">
      <Filter>src\mahjong\chat</Filter>
    </ClInclude>
    <ClInclude Include="..\Classes\mahjong\chat\PlayerChatManage.hpp">
      <Filter>src\mahjong\chat</Filter>
    </ClInclude>
    <ClInclude Include="..\Classes\mahjong\chat\QuickChatLayer.hpp">
      <Filter>src\mahjong\chat</Filter>
    </ClInclude>
    <ClInclude Include="..\Classes\mahjong\core\MjGameScene.h">
      <Filter>src\mahjong\core</Filter>
    </ClInclude>
    <ClInclude Include="..\Classes\mahjong\core\gui\GuiLayer.h">
      <Filter>src\mahjong\core\gui</Filter>
    </ClInclude>
    <ClInclude Include="..\Classes\mahjong\core\widget\CardStack.hpp">
      <Filter>src\mahjong\core\widget</Filter>
    </ClInclude>
    <ClInclude Include="..\Classes\mahjong\core\widget\Orientation.h">
      <Filter>src\mahjong\core\widget</Filter>
    </ClInclude>
    <ClInclude Include="..\Classes\mahjong\core\widget\QuitRoomDialog.hpp">
      <Filter>src\mahjong\core\widget</Filter>
    </ClInclude>
    <ClInclude Include="..\Classes\mahjong\core\special\ReviewGame.h">
      <Filter>src\mahjong\core\special</Filter>
    </ClInclude>
    <ClInclude Include="..\Classes\mahjong\core\normal\MahjongView.h">
      <Filter>src\mahjong\core\normal</Filter>
    </ClInclude>
  </ItemGroup>
  <ItemGroup>
    <ResourceCompile Include="game.rc">
      <Filter>resource</Filter>
    </ResourceCompile>
  </ItemGroup>
  <ItemGroup>
    <None Include="..\Classes\payment\ios\IOSBridge.mm">
      <Filter>src\payment\ios</Filter>
    </None>
    <None Include="..\Classes\payment\ios\LoginByWechat.mm">
      <Filter>src\payment\ios</Filter>
    </None>
    <None Include="..\Classes\payment\ios\RechargeVC.mm">
      <Filter>src\payment\ios</Filter>
    </None>
    <None Include="..\Classes\payment\ios\StatusBarTool.m">
      <Filter>src\payment\ios</Filter>
    </None>
    <None Include="..\Classes\payment\ios\WXApiManager.mm">
      <Filter>src\payment\ios</Filter>
    </None>
    <None Include="..\Classes\payment\ios\wechat\libWeChatSDK.a">
      <Filter>src\payment\ios\wechat</Filter>
    </None>
    <None Include="..\Classes\socket\ios\CocoaSocket.mm">
      <Filter>src\socket\ios</Filter>
    </None>
    <None Include="..\Classes\socket\ios\CocoaSocketManage.mm">
      <Filter>src\socket\ios</Filter>
    </None>
    <None Include="..\Classes\socket\ios\cocoa\GCDAsyncSocket.m">
      <Filter>src\socket\ios\cocoa</Filter>
    </None>
    <None Include="..\Classes\socket\ios\cocoa\GCDAsyncUdpSocket.m">
      <Filter>src\socket\ios\cocoa</Filter>
    </None>
  </ItemGroup>
</Project>